
Microsoft Visual Studio Solution File, Format Version 12.00
# Visual Studio Version 17
VisualStudioVersion = 17.11.35303.130
MinimumVisualStudioVersion = 10.0.40219.1
Project("{FAE04EC0-301F-11D3-BF4B-00C04F79EFBC}") = "tourism-api", "tourism-api\tourism-api.csproj", "{D02AD226-0DA8-4F41-92E9-197A7B68455E}"
EndProject
Global
	GlobalSection(SolutionConfigurationPlatforms) = preSolution
		Debug|Any CPU = Debug|Any CPU
		Release|Any CPU = Release|Any CPU
	EndGlobalSection
	GlobalSection(ProjectConfigurationPlatforms) = postSolution
		{D02AD226-0DA8-4F41-92E9-197A7B68455E}.Debug|Any CPU.ActiveCfg = Debug|Any CPU
		{D02AD226-0DA8-4F41-92E9-197A7B68455E}.Debug|Any CPU.Build.0 = Debug|Any CPU
		{D02AD226-0DA8-4F41-92E9-197A7B68455E}.Release|Any CPU.ActiveCfg = Release|Any CPU
		{D02AD226-0DA8-4F41-92E9-197A7B68455E}.Release|Any CPU.Build.0 = Release|Any CPU
	EndGlobalSection
	GlobalSection(SolutionProperties) = preSolution
		HideSolutionNode = FALSE
	EndGlobalSection
	GlobalSection(ExtensibilityGlobals) = postSolution
		SolutionGuid = {D52E4570-637C-4F43-8F05-07351AB7B91A}
	EndGlobalSection
EndGlobal
